
Microsoft Visual Studio Solution File, Format Version 12.00
# Visual Studio Version 16
VisualStudioVersion = 16.0.30204.135
MinimumVisualStudioVersion = 10.0.40219.1
Project("{8BC9CEB8-8B4A-11D0-8D11-00A0C91BC942}") = "Project7.1", "Project7.1\Project7.1.vcxproj", "{88970E1E-A58A-41EE-9C27-A78745B6A20A}"
EndProject
Project("{8BC9CEB8-8B4A-11D0-8D11-00A0C91BC942}") = "Project7.2", "Project7.2\Project7.2.vcxproj", "{C58B059A-EF07-4C71-8BEF-E9E1B9901403}"
EndProject
Project("{8BC9CEB8-8B4A-11D0-8D11-00A0C91BC942}") = "Project7.3", "Project7.3\Project7.3.vcxproj", "{B863F71A-9A0F-47F9-9776-6B4C2428B54D}"
EndProject
Project("{8BC9CEB8-8B4A-11D0-8D11-00A0C91BC942}") = "Project7.4", "Project7.4\Project7.4.vcxproj", "{6067AA90-83A9-4C76-9B64-1F37D69D0F13}"
EndProject
Project("{8BC9CEB8-8B4A-11D0-8D11-00A0C91BC942}") = "Project7.5", "Project7.5\Project7.5.vcxproj", "{60ECBBC6-801A-44D9-A611-E9789014BF84}"
EndProject
Project("{8BC9CEB8-8B4A-11D0-8D11-00A0C91BC942}") = "Project7.6", "Project7.6\Project7.6.vcxproj", "{3930BF9D-A0D4-493A-81DD-9497AFEFBC8F}"
EndProject
Project("{8BC9CEB8-8B4A-11D0-8D11-00A0C91BC942}") = "Project7.7", "Project7.7\Project7.7.vcxproj", "{8756F524-10C3-4195-AF30-A75B365B2740}"
EndProject
Project("{8BC9CEB8-8B4A-11D0-8D11-00A0C91BC942}") = "Project7.8", "Project7.8\Project7.8.vcxproj", "{D1753373-BD5C-41DE-9B79-E2844D54DAAD}"
EndProject
Project("{8BC9CEB8-8B4A-11D0-8D11-00A0C91BC942}") = "Project7.9", "Project7.9\Project7.9.vcxproj", "{2B976DAD-F37E-411F-8AE7-8E898E7C28E5}"
EndProject
Global
	GlobalSection(SolutionConfigurationPlatforms) = preSolution
		Debug|x64 = Debug|x64
		Debug|x86 = Debug|x86
		Release|x64 = Release|x64
		Release|x86 = Release|x86
	EndGlobalSection
	GlobalSection(ProjectConfigurationPlatforms) = postSolution
		{88970E1E-A58A-41EE-9C27-A78745B6A20A}.Debug|x64.ActiveCfg = Debug|x64
		{88970E1E-A58A-41EE-9C27-A78745B6A20A}.Debug|x64.Build.0 = Debug|x64
		{88970E1E-A58A-41EE-9C27-A78745B6A20A}.Debug|x86.ActiveCfg = Debug|Win32
		{88970E1E-A58A-41EE-9C27-A78745B6A20A}.Debug|x86.Build.0 = Debug|Win32
		{88970E1E-A58A-41EE-9C27-A78745B6A20A}.Release|x64.ActiveCfg = Release|x64
		{88970E1E-A58A-41EE-9C27-A78745B6A20A}.Release|x64.Build.0 = Release|x64
		{88970E1E-A58A-41EE-9C27-A78745B6A20A}.Release|x86.ActiveCfg = Release|Win32
		{88970E1E-A58A-41EE-9C27-A78745B6A20A}.Release|x86.Build.0 = Release|Win32
		{C58B059A-EF07-4C71-8BEF-E9E1B9901403}.Debug|x64.ActiveCfg = Debug|x64
		{C58B059A-EF07-4C71-8BEF-E9E1B9901403}.Debug|x64.Build.0 = Debug|x64
		{C58B059A-EF07-4C71-8BEF-E9E1B9901403}.Debug|x86.ActiveCfg = Debug|Win32
		{C58B059A-EF07-4C71-8BEF-E9E1B9901403}.Debug|x86.Build.0 = Debug|Win32
		{C58B059A-EF07-4C71-8BEF-E9E1B9901403}.Release|x64.ActiveCfg = Release|x64
		{C58B059A-EF07-4C71-8BEF-E9E1B9901403}.Release|x64.Build.0 = Release|x64
		{C58B059A-EF07-4C71-8BEF-E9E1B9901403}.Release|x86.ActiveCfg = Release|Win32
		{C58B059A-EF07-4C71-8BEF-E9E1B9901403}.Release|x86.Build.0 = Release|Win32
		{B863F71A-9A0F-47F9-9776-6B4C2428B54D}.Debug|x64.ActiveCfg = Debug|x64
		{B863F71A-9A0F-47F9-9776-6B4C2428B54D}.Debug|x64.Build.0 = Debug|x64
		{B863F71A-9A0F-47F9-9776-6B4C2428B54D}.Debug|x86.ActiveCfg = Debug|Win32
		{B863F71A-9A0F-47F9-9776-6B4C2428B54D}.Debug|x86.Build.0 = Debug|Win32
		{B863F71A-9A0F-47F9-9776-6B4C2428B54D}.Release|x64.ActiveCfg = Release|x64
		{B863F71A-9A0F-47F9-9776-6B4C2428B54D}.Release|x64.Build.0 = Release|x64
		{B863F71A-9A0F-47F9-9776-6B4C2428B54D}.Release|x86.ActiveCfg = Release|Win32
		{B863F71A-9A0F-47F9-9776-6B4C2428B54D}.Release|x86.Build.0 = Release|Win32
		{6067AA90-83A9-4C76-9B64-1F37D69D0F13}.Debug|x64.ActiveCfg = Debug|x64
		{6067AA90-83A9-4C76-9B64-1F37D69D0F13}.Debug|x64.Build.0 = Debug|x64
		{6067AA90-83A9-4C76-9B64-1F37D69D0F13}.Debug|x86.ActiveCfg = Debug|Win32
		{6067AA90-83A9-4C76-9B64-1F37D69D0F13}.Debug|x86.Build.0 = Debug|Win32
		{6067AA90-83A9-4C76-9B64-1F37D69D0F13}.Release|x64.ActiveCfg = Release|x64
		{6067AA90-83A9-4C76-9B64-1F37D69D0F13}.Release|x64.Build.0 = Release|x64
		{6067AA90-83A9-4C76-9B64-1F37D69D0F13}.Release|x86.ActiveCfg = Release|Win32
		{6067AA90-83A9-4C76-9B64-1F37D69D0F13}.Release|x86.Build.0 = Release|Win32
		{60ECBBC6-801A-44D9-A611-E9789014BF84}.Debug|x64.ActiveCfg = Debug|x64
		{60ECBBC6-801A-44D9-A611-E9789014BF84}.Debug|x64.Build.0 = Debug|x64
		{60ECBBC6-801A-44D9-A611-E9789014BF84}.Debug|x86.ActiveCfg = Debug|Win32
		{60ECBBC6-801A-44D9-A611-E9789014BF84}.Debug|x86.Build.0 = Debug|Win32
		{60ECBBC6-801A-44D9-A611-E9789014BF84}.Release|x64.ActiveCfg = Release|x64
		{60ECBBC6-801A-44D9-A611-E9789014BF84}.Release|x64.Build.0 = Release|x64
		{60ECBBC6-801A-44D9-A611-E9789014BF84}.Release|x86.ActiveCfg = Release|Win32
		{60ECBBC6-801A-44D9-A611-E9789014BF84}.Release|x86.Build.0 = Release|Win32
		{3930BF9D-A0D4-493A-81DD-9497AFEFBC8F}.Debug|x64.ActiveCfg = Debug|x64
		{3930BF9D-A0D4-493A-81DD-9497AFEFBC8F}.Debug|x64.Build.0 = Debug|x64
		{3930BF9D-A0D4-493A-81DD-9497AFEFBC8F}.Debug|x86.ActiveCfg = Debug|Win32
		{3930BF9D-A0D4-493A-81DD-9497AFEFBC8F}.Debug|x86.Build.0 = Debug|Win32
		{3930BF9D-A0D4-493A-81DD-9497AFEFBC8F}.Release|x64.ActiveCfg = Release|x64
		{3930BF9D-A0D4-493A-81DD-9497AFEFBC8F}.Release|x64.Build.0 = Release|x64
		{3930BF9D-A0D4-493A-81DD-9497AFEFBC8F}.Release|x86.ActiveCfg = Release|Win32
		{3930BF9D-A0D4-493A-81DD-9497AFEFBC8F}.Release|x86.Build.0 = Release|Win32
		{8756F524-10C3-4195-AF30-A75B365B2740}.Debug|x64.ActiveCfg = Debug|x64
		{8756F524-10C3-4195-AF30-A75B365B2740}.Debug|x64.Build.0 = Debug|x64
		{8756F524-10C3-4195-AF30-A75B365B2740}.Debug|x86.ActiveCfg = Debug|Win32
		{8756F524-10C3-4195-AF30-A75B365B2740}.Debug|x86.Build.0 = Debug|Win32
		{8756F524-10C3-4195-AF30-A75B365B2740}.Release|x64.ActiveCfg = Release|x64
		{8756F524-10C3-4195-AF30-A75B365B2740}.Release|x64.Build.0 = Release|x64
		{8756F524-10C3-4195-AF30-A75B365B2740}.Release|x86.ActiveCfg = Release|Win32
		{8756F524-10C3-4195-AF30-A75B365B2740}.Release|x86.Build.0 = Release|Win32
		{D1753373-BD5C-41DE-9B79-E2844D54DAAD}.Debug|x64.ActiveCfg = Debug|x64
		{D1753373-BD5C-41DE-9B79-E2844D54DAAD}.Debug|x64.Build.0 = Debug|x64
		{D1753373-BD5C-41DE-9B79-E2844D54DAAD}.Debug|x86.ActiveCfg = Debug|Win32
		{D1753373-BD5C-41DE-9B79-E2844D54DAAD}.Debug|x86.Build.0 = Debug|Win32
		{D1753373-BD5C-41DE-9B79-E2844D54DAAD}.Release|x64.ActiveCfg = Release|x64
		{D1753373-BD5C-41DE-9B79-E2844D54DAAD}.Release|x64.Build.0 = Release|x64
		{D1753373-BD5C-41DE-9B79-E2844D54DAAD}.Release|x86.ActiveCfg = Release|Win32
		{D1753373-BD5C-41DE-9B79-E2844D54DAAD}.Release|x86.Build.0 = Release|Win32
		{2B976DAD-F37E-411F-8AE7-8E898E7C28E5}.Debug|x64.ActiveCfg = Debug|x64
		{2B976DAD-F37E-411F-8AE7-8E898E7C28E5}.Debug|x64.Build.0 = Debug|x64
		{2B976DAD-F37E-411F-8AE7-8E898E7C28E5}.Debug|x86.ActiveCfg = Debug|Win32
		{2B976DAD-F37E-411F-8AE7-8E898E7C28E5}.Debug|x86.Build.0 = Debug|Win32
		{2B976DAD-F37E-411F-8AE7-8E898E7C28E5}.Release|x64.ActiveCfg = Release|x64
		{2B976DAD-F37E-411F-8AE7-8E898E7C28E5}.Release|x64.Build.0 = Release|x64
		{2B976DAD-F37E-411F-8AE7-8E898E7C28E5}.Release|x86.ActiveCfg = Release|Win32
		{2B976DAD-F37E-411F-8AE7-8E898E7C28E5}.Release|x86.Build.0 = Release|Win32
	EndGlobalSection
	GlobalSection(SolutionProperties) = preSolution
		HideSolutionNode = FALSE
	EndGlobalSection
	GlobalSection(ExtensibilityGlobals) = postSolution
		SolutionGuid = {C6A05437-BCA4-4AE2-A8FE-170DC1C0DBAB}
	EndGlobalSection
EndGlobal
